// !$*UTF8*$!
{
	archiveVersion = 1;
	classes = {
	};
	objectVersion = 77;
	objects = {

/* Begin PBXBuildFile section */
		17A70A872F0AB78300D93FE9 /* MarkdownPipeline in Frameworks */ = {isa = PBXBuildFile; productRef = 17A70A852F0AB78300D93FE9 /* MarkdownPipeline */; };
		17A70A882F0AB78300D93FE9 /* MarkdownPipeline in Frameworks */ = {isa = PBXBuildFile; productRef = 17A70A862F0AB78300D93FE9 /* MarkdownPipeline */; };
		17CD184E2F08337200899189 /* Quartz.framework in Frameworks */ = {isa = PBXBuildFile; fileRef = 17CD184D2F08337200899189 /* Quartz.framework */; platformFilters = (macos, ); };
		17CD185A2F08337200899189 /* QuickLookPreview_macOS.appex in Embed Foundation Extensions */ = {isa = PBXBuildFile; fileRef = 17CD184B2F08337100899189 /* QuickLookPreview_macOS.appex */; platformFilters = (macos, ); settings = {ATTRIBUTES = (RemoveHeadersOnCopy, ); }; };
		17CD18882F0862FD00899189 /* Markdown in Frameworks */ = {isa = PBXBuildFile; productRef = 17CD18872F0862FD00899189 /* Markdown */; };
		17CD188A2F08632100899189 /* Markdown in Frameworks */ = {isa = PBXBuildFile; productRef = 17CD18892F08632100899189 /* Markdown */; };
/* End PBXBuildFile section */

/* Begin PBXContainerItemProxy section */
		178AADE92FB9D6A10086D069 /* PBXContainerItemProxy */ = {
			isa = PBXContainerItemProxy;
			containerPortal = 17FBBD752F0831EC00BEAA3E /* Project object */;
			proxyType = 1;
			remoteGlobalIDString = 17FBBD7C2F0831EC00BEAA3E;
			remoteInfo = MarkLens;
		};
		17CD18582F08337200899189 /* PBXContainerItemProxy */ = {
			isa = PBXContainerItemProxy;
			containerPortal = 17FBBD752F0831EC00BEAA3E /* Project object */;
			proxyType = 1;
			remoteGlobalIDString = 17CD184A2F08337100899189;
			remoteInfo = QuickLookPreview;
		};
		A10000012FC0000000000001 /* PBXContainerItemProxy */ = {
			isa = PBXContainerItemProxy;
			containerPortal = 17FBBD752F0831EC00BEAA3E /* Project object */;
			proxyType = 1;
			remoteGlobalIDString = 17FBBD7C2F0831EC00BEAA3E;
			remoteInfo = MarkLens;
		};
/* End PBXContainerItemProxy section */

/* Begin PBXCopyFilesBuildPhase section */
		178AADDD2FB9D5BB0086D069 /* Copy WebResources Files */ = {
			isa = PBXCopyFilesBuildPhase;
			buildActionMask = 2147483647;
			dstPath = WebResources;
			dstSubfolderSpec = 7;
			files = (
			);
			name = "Copy WebResources Files";
			runOnlyForDeploymentPostprocessing = 0;
		};
		17CD185B2F08337200899189 /* Embed Foundation Extensions */ = {
			isa = PBXCopyFilesBuildPhase;
			buildActionMask = 2147483647;
			dstPath = "";
			dstSubfolderSpec = 13;
			files = (
				17CD185A2F08337200899189 /* QuickLookPreview_macOS.appex in Embed Foundation Extensions */,
			);
			name = "Embed Foundation Extensions";
			runOnlyForDeploymentPostprocessing = 0;
		};
/* End PBXCopyFilesBuildPhase section */

/* Begin PBXFileReference section */
		17208FE62F09A33F000638BE /* QuickLook.framework */ = {isa = PBXFileReference; lastKnownFileType = wrapper.framework; name = QuickLook.framework; path = System/Library/Frameworks/QuickLook.framework; sourceTree = SDKROOT; };
		172772F52FBA65D9003F7E82 /* CHANGELOG.md */ = {isa = PBXFileReference; lastKnownFileType = net.daringfireball.markdown; path = CHANGELOG.md; sourceTree = "<group>"; };
		17421AFF2F09491800C7EE6C /* AGENTS.md */ = {isa = PBXFileReference; lastKnownFileType = net.daringfireball.markdown; path = AGENTS.md; sourceTree = "<group>"; };
		17421B002F0950BC00C7EE6C /* LICENSE */ = {isa = PBXFileReference; lastKnownFileType = text; path = LICENSE; sourceTree = "<group>"; };
		17421B012F0950BC00C7EE6C /* README.md */ = {isa = PBXFileReference; lastKnownFileType = net.daringfireball.markdown; path = README.md; sourceTree = "<group>"; };
		178AADE32FB9D6A10086D069 /* MarkLensUITests.xctest */ = {isa = PBXFileReference; explicitFileType = wrapper.cfbundle; includeInIndex = 0; path = MarkLensUITests.xctest; sourceTree = BUILT_PRODUCTS_DIR; };
		17CD184B2F08337100899189 /* QuickLookPreview_macOS.appex */ = {isa = PBXFileReference; explicitFileType = "wrapper.app-extension"; includeInIndex = 0; path = QuickLookPreview_macOS.appex; sourceTree = BUILT_PRODUCTS_DIR; };
		17CD184D2F08337200899189 /* Quartz.framework */ = {isa = PBXFileReference; lastKnownFileType = wrapper.framework; name = Quartz.framework; path = System/Library/Frameworks/Quartz.framework; sourceTree = SDKROOT; };
		17FBAA822F09EBDF0023F755 /* THIRD_PARTY_NOTICES */ = {isa = PBXFileReference; lastKnownFileType = text; path = THIRD_PARTY_NOTICES; sourceTree = "<group>"; };
		17FBBD7D2F0831EC00BEAA3E /* MarkLens.app */ = {isa = PBXFileReference; explicitFileType = wrapper.application; includeInIndex = 0; path = MarkLens.app; sourceTree = BUILT_PRODUCTS_DIR; };
		A10000012FC0000000000002 /* MarkLensTests.xctest */ = {isa = PBXFileReference; explicitFileType = wrapper.cfbundle; includeInIndex = 0; path = MarkLensTests.xctest; sourceTree = BUILT_PRODUCTS_DIR; };
/* End PBXFileReference section */

/* Begin PBXFileSystemSynchronizedBuildFileExceptionSet section */
		17CD185F2F08337200899189 /* Exceptions for "QuickLookPreview_macOS" folder in "QuickLookPreview_macOS" target */ = {
			isa = PBXFileSystemSynchronizedBuildFileExceptionSet;
			membershipExceptions = (
				Info.plist,
			);
			target = 17CD184A2F08337100899189 /* QuickLookPreview_macOS */;
		};
		17CD18852F0862D700899189 /* Exceptions for "Shared" folder in "QuickLookPreview_macOS" target */ = {
			isa = PBXFileSystemSynchronizedBuildFileExceptionSet;
			membershipExceptions = (
				DefaultSize.swift,
				"UTType-Extension.swift",
			);
			target = 17CD184A2F08337100899189 /* QuickLookPreview_macOS */;
		};
		17FBBD892F0831ED00BEAA3E /* Exceptions for "MarkLens" folder in "MarkLens" target */ = {
			isa = PBXFileSystemSynchronizedBuildFileExceptionSet;
			membershipExceptions = (
				Info.plist,
				"WebResources/preview-search.js",
			);
			platformFiltersByRelativePath = {
				AppDelegate.swift = (macos, );
			};
			target = 17FBBD7C2F0831EC00BEAA3E /* MarkLens */;
		};
/* End PBXFileSystemSynchronizedBuildFileExceptionSet section */

/* Begin PBXFileSystemSynchronizedGroupBuildPhaseMembershipExceptionSet section */
		178AADDE2FB9D5D20086D069 /* Exceptions for "MarkLens" folder in "Copy WebResources Files" phase from "MarkLens" target */ = {
			isa = PBXFileSystemSynchronizedGroupBuildPhaseMembershipExceptionSet;
			buildPhase = 178AADDD2FB9D5BB0086D069 /* Copy WebResources Files */;
			membershipExceptions = (
				"WebResources/preview-search.js",
			);
		};
/* End PBXFileSystemSynchronizedGroupBuildPhaseMembershipExceptionSet section */

/* Begin PBXFileSystemSynchronizedRootGroup section */
		178AADE42FB9D6A10086D069 /* MarkLensUITests */ = {
			isa = PBXFileSystemSynchronizedRootGroup;
			path = MarkLensUITests;
			sourceTree = "<group>";
		};
		17CD184F2F08337200899189 /* QuickLookPreview_macOS */ = {
			isa = PBXFileSystemSynchronizedRootGroup;
			exceptions = (
				17CD185F2F08337200899189 /* Exceptions for "QuickLookPreview_macOS" folder in "QuickLookPreview_macOS" target */,
			);
			path = QuickLookPreview_macOS;
			sourceTree = "<group>";
		};
		17CD187B2F0862C500899189 /* Shared */ = {
			isa = PBXFileSystemSynchronizedRootGroup;
			exceptions = (
				17CD18852F0862D700899189 /* Exceptions for "Shared" folder in "QuickLookPreview_macOS" target */,
			);
			path = Shared;
			sourceTree = "<group>";
		};
		17FBBD7F2F0831EC00BEAA3E /* MarkLens */ = {
			isa = PBXFileSystemSynchronizedRootGroup;
			exceptions = (
				17FBBD892F0831ED00BEAA3E /* Exceptions for "MarkLens" folder in "MarkLens" target */,
				178AADDE2FB9D5D20086D069 /* Exceptions for "MarkLens" folder in "Copy WebResources Files" phase from "MarkLens" target */,
			);
			path = MarkLens;
			sourceTree = "<group>";
		};
		A10000012FC0000000000003 /* MarkLensTests */ = {
			isa = PBXFileSystemSynchronizedRootGroup;
			path = MarkLensTests;
			sourceTree = "<group>";
		};
/* End PBXFileSystemSynchronizedRootGroup section */

/* Begin PBXFrameworksBuildPhase section */
		178AADE02FB9D6A10086D069 /* Frameworks */ = {
			isa = PBXFrameworksBuildPhase;
			buildActionMask = 2147483647;
			files = (
			);
			runOnlyForDeploymentPostprocessing = 0;
		};
		17CD18482F08337100899189 /* Frameworks */ = {
			isa = PBXFrameworksBuildPhase;
			buildActionMask = 2147483647;
			files = (
				17CD184E2F08337200899189 /* Quartz.framework in Frameworks */,
				17CD188A2F08632100899189 /* Markdown in Frameworks */,
				17A70A882F0AB78300D93FE9 /* MarkdownPipeline in Frameworks */,
			);
			runOnlyForDeploymentPostprocessing = 0;
		};
		17FBBD7A2F0831EC00BEAA3E /* Frameworks */ = {
			isa = PBXFrameworksBuildPhase;
			buildActionMask = 2147483647;
			files = (
				17CD18882F0862FD00899189 /* Markdown in Frameworks */,
				17A70A872F0AB78300D93FE9 /* MarkdownPipeline in Frameworks */,
			);
			runOnlyForDeploymentPostprocessing = 0;
		};
		A10000012FC0000000000006 /* Frameworks */ = {
			isa = PBXFrameworksBuildPhase;
			buildActionMask = 2147483647;
			files = (
			);
			runOnlyForDeploymentPostprocessing = 0;
		};
/* End PBXFrameworksBuildPhase section */

/* Begin PBXGroup section */
		17CD184C2F08337200899189 /* Frameworks */ = {
			isa = PBXGroup;
			children = (
				17CD184D2F08337200899189 /* Quartz.framework */,
				17208FE62F09A33F000638BE /* QuickLook.framework */,
			);
			name = Frameworks;
			sourceTree = "<group>";
		};
		17FBBD742F0831EC00BEAA3E = {
			isa = PBXGroup;
			children = (
				17421B012F0950BC00C7EE6C /* README.md */,
				172772F52FBA65D9003F7E82 /* CHANGELOG.md */,
				17421AFF2F09491800C7EE6C /* AGENTS.md */,
				17421B002F0950BC00C7EE6C /* LICENSE */,
				17FBAA822F09EBDF0023F755 /* THIRD_PARTY_NOTICES */,
				17CD187B2F0862C500899189 /* Shared */,
				17FBBD7F2F0831EC00BEAA3E /* MarkLens */,
				A10000012FC0000000000003 /* MarkLensTests */,
				178AADE42FB9D6A10086D069 /* MarkLensUITests */,
				17CD184F2F08337200899189 /* QuickLookPreview_macOS */,
				17CD184C2F08337200899189 /* Frameworks */,
				17FBBD7E2F0831EC00BEAA3E /* Products */,
			);
			sourceTree = "<group>";
		};
		17FBBD7E2F0831EC00BEAA3E /* Products */ = {
			isa = PBXGroup;
			children = (
				17FBBD7D2F0831EC00BEAA3E /* MarkLens.app */,
				17CD184B2F08337100899189 /* QuickLookPreview_macOS.appex */,
				178AADE32FB9D6A10086D069 /* MarkLensUITests.xctest */,
				A10000012FC0000000000002 /* MarkLensTests.xctest */,
			);
			name = Products;
			sourceTree = "<group>";
		};
/* End PBXGroup section */

/* Begin PBXNativeTarget section */
		178AADE22FB9D6A10086D069 /* MarkLensUITests */ = {
			isa = PBXNativeTarget;
			buildConfigurationList = 178AADEB2FB9D6A10086D069 /* Build configuration list for PBXNativeTarget "MarkLensUITests" */;
			buildPhases = (
				178AADDF2FB9D6A10086D069 /* Sources */,
				178AADE02FB9D6A10086D069 /* Frameworks */,
				178AADE12FB9D6A10086D069 /* Resources */,
			);
			buildRules = (
			);
			dependencies = (
				178AADEA2FB9D6A10086D069 /* PBXTargetDependency */,
			);
			fileSystemSynchronizedGroups = (
				178AADE42FB9D6A10086D069 /* MarkLensUITests */,
			);
			name = MarkLensUITests;
			packageProductDependencies = (
			);
			productName = MarkLensUITests;
			productReference = 178AADE32FB9D6A10086D069 /* MarkLensUITests.xctest */;
			productType = "com.apple.product-type.bundle.ui-testing";
		};
		17CD184A2F08337100899189 /* QuickLookPreview_macOS */ = {
			isa = PBXNativeTarget;
			buildConfigurationList = 17CD185E2F08337200899189 /* Build configuration list for PBXNativeTarget "QuickLookPreview_macOS" */;
			buildPhases = (
				17CD18472F08337100899189 /* Sources */,
				17CD18482F08337100899189 /* Frameworks */,
				17CD18492F08337100899189 /* Resources */,
			);
			buildRules = (
			);
			dependencies = (
			);
			fileSystemSynchronizedGroups = (
				17CD184F2F08337200899189 /* QuickLookPreview_macOS */,
			);
			name = QuickLookPreview_macOS;
			packageProductDependencies = (
				17CD18892F08632100899189 /* Markdown */,
				17A70A862F0AB78300D93FE9 /* MarkdownPipeline */,
			);
			productName = QuickLookPreview;
			productReference = 17CD184B2F08337100899189 /* QuickLookPreview_macOS.appex */;
			productType = "com.apple.product-type.app-extension";
		};
		17FBBD7C2F0831EC00BEAA3E /* MarkLens */ = {
			isa = PBXNativeTarget;
			buildConfigurationList = 17FBBD8A2F0831ED00BEAA3E /* Build configuration list for PBXNativeTarget "MarkLens" */;
			buildPhases = (
				17FBBD792F0831EC00BEAA3E /* Sources */,
				17FBBD7A2F0831EC00BEAA3E /* Frameworks */,
				17FBBD7B2F0831EC00BEAA3E /* Resources */,
				178AADDD2FB9D5BB0086D069 /* Copy WebResources Files */,
				17CD185B2F08337200899189 /* Embed Foundation Extensions */,
			);
			buildRules = (
			);
			dependencies = (
				17CD18592F08337200899189 /* PBXTargetDependency */,
			);
			fileSystemSynchronizedGroups = (
				17CD187B2F0862C500899189 /* Shared */,
				17FBBD7F2F0831EC00BEAA3E /* MarkLens */,
			);
			name = MarkLens;
			packageProductDependencies = (
				17CD18872F0862FD00899189 /* Markdown */,
				17A70A852F0AB78300D93FE9 /* MarkdownPipeline */,
			);
			productName = MarkLens;
			productReference = 17FBBD7D2F0831EC00BEAA3E /* MarkLens.app */;
			productType = "com.apple.product-type.application";
		};
		A10000012FC0000000000004 /* MarkLensTests */ = {
			isa = PBXNativeTarget;
			buildConfigurationList = A10000012FC000000000000B /* Build configuration list for PBXNativeTarget "MarkLensTests" */;
			buildPhases = (
				A10000012FC0000000000005 /* Sources */,
				A10000012FC0000000000006 /* Frameworks */,
				A10000012FC0000000000007 /* Resources */,
			);
			buildRules = (
			);
			dependencies = (
				A10000012FC0000000000008 /* PBXTargetDependency */,
			);
			fileSystemSynchronizedGroups = (
				A10000012FC0000000000003 /* MarkLensTests */,
			);
			name = MarkLensTests;
			packageProductDependencies = (
			);
			productName = MarkLensTests;
			productReference = A10000012FC0000000000002 /* MarkLensTests.xctest */;
			productType = "com.apple.product-type.bundle.unit-test";
		};
/* End PBXNativeTarget section */

/* Begin PBXProject section */
		17FBBD752F0831EC00BEAA3E /* Project object */ = {
			isa = PBXProject;
			attributes = {
				BuildIndependentTargetsInParallel = 1;
				LastSwiftUpdateCheck = 2650;
				LastUpgradeCheck = 2640;
				TargetAttributes = {
					178AADE22FB9D6A10086D069 = {
						CreatedOnToolsVersion = 26.5;
						TestTargetID = 17FBBD7C2F0831EC00BEAA3E;
					};
					17CD184A2F08337100899189 = {
						CreatedOnToolsVersion = 26.2;
					};
					17FBBD7C2F0831EC00BEAA3E = {
						CreatedOnToolsVersion = 26.2;
					};
					A10000012FC0000000000004 = {
						CreatedOnToolsVersion = 26.5;
						TestTargetID = 17FBBD7C2F0831EC00BEAA3E;
					};
				};
			};
			buildConfigurationList = 17FBBD782F0831EC00BEAA3E /* Build configuration list for PBXProject "MarkLens" */;
			developmentRegion = en;
			hasScannedForEncodings = 0;
			knownRegions = (
				en,
				Base,
			);
			mainGroup = 17FBBD742F0831EC00BEAA3E;
			minimizedProjectReferenceProxies = 1;
			packageReferences = (
				17CD18862F0862FD00899189 /* XCRemoteSwiftPackageReference "swift-markdown" */,
				17A70A842F0AB78300D93FE9 /* XCLocalSwiftPackageReference "MarkdownPipeline" */,
			);
			preferredProjectObjectVersion = 77;
			productRefGroup = 17FBBD7E2F0831EC00BEAA3E /* Products */;
			projectDirPath = "";
			projectRoot = "";
			targets = (
				17FBBD7C2F0831EC00BEAA3E /* MarkLens */,
				17CD184A2F08337100899189 /* QuickLookPreview_macOS */,
				178AADE22FB9D6A10086D069 /* MarkLensUITests */,
				A10000012FC0000000000004 /* MarkLensTests */,
			);
		};
/* End PBXProject section */

/* Begin PBXResourcesBuildPhase section */
		178AADE12FB9D6A10086D069 /* Resources */ = {
			isa = PBXResourcesBuildPhase;
			buildActionMask = 2147483647;
			files = (
			);
			runOnlyForDeploymentPostprocessing = 0;
		};
		17CD18492F08337100899189 /* Resources */ = {
			isa = PBXResourcesBuildPhase;
			buildActionMask = 2147483647;
			files = (
			);
			runOnlyForDeploymentPostprocessing = 0;
		};
		17FBBD7B2F0831EC00BEAA3E /* Resources */ = {
			isa = PBXResourcesBuildPhase;
			buildActionMask = 2147483647;
			files = (
			);
			runOnlyForDeploymentPostprocessing = 0;
		};
		A10000012FC0000000000007 /* Resources */ = {
			isa = PBXResourcesBuildPhase;
			buildActionMask = 2147483647;
			files = (
			);
			runOnlyForDeploymentPostprocessing = 0;
		};
/* End PBXResourcesBuildPhase section */

/* Begin PBXSourcesBuildPhase section */
		178AADDF2FB9D6A10086D069 /* Sources */ = {
			isa = PBXSourcesBuildPhase;
			buildActionMask = 2147483647;
			files = (
			);
			runOnlyForDeploymentPostprocessing = 0;
		};
		17CD18472F08337100899189 /* Sources */ = {
			isa = PBXSourcesBuildPhase;
			buildActionMask = 2147483647;
			files = (
			);
			runOnlyForDeploymentPostprocessing = 0;
		};
		17FBBD792F0831EC00BEAA3E /* Sources */ = {
			isa = PBXSourcesBuildPhase;
			buildActionMask = 2147483647;
			files = (
			);
			runOnlyForDeploymentPostprocessing = 0;
		};
		A10000012FC0000000000005 /* Sources */ = {
			isa = PBXSourcesBuildPhase;
			buildActionMask = 2147483647;
			files = (
			);
			runOnlyForDeploymentPostprocessing = 0;
		};
/* End PBXSourcesBuildPhase section */

/* Begin PBXTargetDependency section */
		178AADEA2FB9D6A10086D069 /* PBXTargetDependency */ = {
			isa = PBXTargetDependency;
			target = 17FBBD7C2F0831EC00BEAA3E /* MarkLens */;
			targetProxy = 178AADE92FB9D6A10086D069 /* PBXContainerItemProxy */;
		};
		17CD18592F08337200899189 /* PBXTargetDependency */ = {
			isa = PBXTargetDependency;
			platformFilters = (
				macos,
			);
			target = 17CD184A2F08337100899189 /* QuickLookPreview_macOS */;
			targetProxy = 17CD18582F08337200899189 /* PBXContainerItemProxy */;
		};
		A10000012FC0000000000008 /* PBXTargetDependency */ = {
			isa = PBXTargetDependency;
			target = 17FBBD7C2F0831EC00BEAA3E /* MarkLens */;
			targetProxy = A10000012FC0000000000001 /* PBXContainerItemProxy */;
		};
/* End PBXTargetDependency section */

/* Begin XCBuildConfiguration section */
		178AADEC2FB9D6A10086D069 /* Debug */ = {
			isa = XCBuildConfiguration;
			buildSettings = {
				DEAD_CODE_STRIPPING = YES;
				GENERATE_INFOPLIST_FILE = YES;
				PRODUCT_BUNDLE_IDENTIFIER = ch.doapp.MarkLensUITests;
				PRODUCT_NAME = "$(TARGET_NAME)";
				SDKROOT = auto;
				STRING_CATALOG_GENERATE_SYMBOLS = NO;
				SUPPORTED_PLATFORMS = "iphoneos iphonesimulator macosx xros xrsimulator";
				SWIFT_APPROACHABLE_CONCURRENCY = YES;
				SWIFT_EMIT_LOC_STRINGS = NO;
				SWIFT_UPCOMING_FEATURE_MEMBER_IMPORT_VISIBILITY = YES;
				SWIFT_VERSION = 5.0;
				TARGETED_DEVICE_FAMILY = "1,2,7";
				TEST_TARGET_NAME = MarkLens;
			};
			name = Debug;
		};
		178AADED2FB9D6A10086D069 /* Release */ = {
			isa = XCBuildConfiguration;
			buildSettings = {
				DEAD_CODE_STRIPPING = YES;
				GENERATE_INFOPLIST_FILE = YES;
				PRODUCT_BUNDLE_IDENTIFIER = ch.doapp.MarkLensUITests;
				PRODUCT_NAME = "$(TARGET_NAME)";
				SDKROOT = auto;
				STRING_CATALOG_GENERATE_SYMBOLS = NO;
				SUPPORTED_PLATFORMS = "iphoneos iphonesimulator macosx xros xrsimulator";
				SWIFT_APPROACHABLE_CONCURRENCY = YES;
				SWIFT_EMIT_LOC_STRINGS = NO;
				SWIFT_UPCOMING_FEATURE_MEMBER_IMPORT_VISIBILITY = YES;
				SWIFT_VERSION = 5.0;
				TARGETED_DEVICE_FAMILY = "1,2,7";
				TEST_TARGET_NAME = MarkLens;
			};
			name = Release;
		};
		17CD185C2F08337200899189 /* Debug */ = {
			isa = XCBuildConfiguration;
			buildSettings = {
				DEAD_CODE_STRIPPING = YES;
				ENABLE_APP_SANDBOX = YES;
				ENABLE_HARDENED_RUNTIME = YES;
				ENABLE_INCOMING_NETWORK_CONNECTIONS = NO;
				ENABLE_OUTGOING_NETWORK_CONNECTIONS = YES;
				ENABLE_RESOURCE_ACCESS_AUDIO_INPUT = NO;
				ENABLE_RESOURCE_ACCESS_BLUETOOTH = NO;
				ENABLE_RESOURCE_ACCESS_CALENDARS = NO;
				ENABLE_RESOURCE_ACCESS_CAMERA = NO;
				ENABLE_RESOURCE_ACCESS_CONTACTS = NO;
				ENABLE_RESOURCE_ACCESS_LOCATION = NO;
				ENABLE_RESOURCE_ACCESS_PRINTING = NO;
				ENABLE_RESOURCE_ACCESS_USB = NO;
				ENABLE_USER_SELECTED_FILES = readonly;
				GENERATE_INFOPLIST_FILE = YES;
				INFOPLIST_FILE = QuickLookPreview_macOS/Info.plist;
				INFOPLIST_KEY_CFBundleDisplayName = QuickLookPreview_macOS;
				LD_RUNPATH_SEARCH_PATHS = (
					"$(inherited)",
					"@executable_path/../Frameworks",
					"@executable_path/../../../../Frameworks",
				);
				PRODUCT_BUNDLE_IDENTIFIER = ch.doapp.MarkLens.QuickLookPreview.macOS;
				PRODUCT_NAME = "$(TARGET_NAME)";
				SDKROOT = macosx;
				SKIP_INSTALL = YES;
				STRING_CATALOG_GENERATE_SYMBOLS = YES;
				SUPPORTED_PLATFORMS = "iphoneos iphonesimulator macosx xros xrsimulator";
				SUPPORTS_MACCATALYST = NO;
				SUPPORTS_MAC_DESIGNED_FOR_IPHONE_IPAD = NO;
				SUPPORTS_XR_DESIGNED_FOR_IPHONE_IPAD = NO;
				SWIFT_APPROACHABLE_CONCURRENCY = YES;
				SWIFT_EMIT_LOC_STRINGS = YES;
				SWIFT_UPCOMING_FEATURE_MEMBER_IMPORT_VISIBILITY = YES;
				SWIFT_VERSION = 5.0;
			};
			name = Debug;
		};
		17CD185D2F08337200899189 /* Release */ = {
			isa = XCBuildConfiguration;
			buildSettings = {
				DEAD_CODE_STRIPPING = YES;
				ENABLE_APP_SANDBOX = YES;
				ENABLE_HARDENED_RUNTIME = YES;
				ENABLE_INCOMING_NETWORK_CONNECTIONS = NO;
				ENABLE_OUTGOING_NETWORK_CONNECTIONS = YES;
				ENABLE_RESOURCE_ACCESS_AUDIO_INPUT = NO;
				ENABLE_RESOURCE_ACCESS_BLUETOOTH = NO;
				ENABLE_RESOURCE_ACCESS_CALENDARS = NO;
				ENABLE_RESOURCE_ACCESS_CAMERA = NO;
				ENABLE_RESOURCE_ACCESS_CONTACTS = NO;
				ENABLE_RESOURCE_ACCESS_LOCATION = NO;
				ENABLE_RESOURCE_ACCESS_PRINTING = NO;
				ENABLE_RESOURCE_ACCESS_USB = NO;
				ENABLE_USER_SELECTED_FILES = readonly;
				GENERATE_INFOPLIST_FILE = YES;
				INFOPLIST_FILE = QuickLookPreview_macOS/Info.plist;
				INFOPLIST_KEY_CFBundleDisplayName = QuickLookPreview_macOS;
				LD_RUNPATH_SEARCH_PATHS = (
					"$(inherited)",
					"@executable_path/../Frameworks",
					"@executable_path/../../../../Frameworks",
				);
				PRODUCT_BUNDLE_IDENTIFIER = ch.doapp.MarkLens.QuickLookPreview.macOS;
				PRODUCT_NAME = "$(TARGET_NAME)";
				SDKROOT = macosx;
				SKIP_INSTALL = YES;
				STRING_CATALOG_GENERATE_SYMBOLS = YES;
				SUPPORTED_PLATFORMS = "iphoneos iphonesimulator macosx xros xrsimulator";
				SUPPORTS_MACCATALYST = NO;
				SUPPORTS_MAC_DESIGNED_FOR_IPHONE_IPAD = NO;
				SUPPORTS_XR_DESIGNED_FOR_IPHONE_IPAD = NO;
				SWIFT_APPROACHABLE_CONCURRENCY = YES;
				SWIFT_EMIT_LOC_STRINGS = YES;
				SWIFT_UPCOMING_FEATURE_MEMBER_IMPORT_VISIBILITY = YES;
				SWIFT_VERSION = 5.0;
			};
			name = Release;
		};
		17FBBD8B2F0831ED00BEAA3E /* Debug */ = {
			isa = XCBuildConfiguration;
			buildSettings = {
				ASSETCATALOG_COMPILER_APPICON_NAME = AppIcon;
				ASSETCATALOG_COMPILER_GLOBAL_ACCENT_COLOR_NAME = AccentColor;
				CODE_SIGN_ENTITLEMENTS = MarkLens/MarkLens.entitlements;
				DEAD_CODE_STRIPPING = YES;
				ENABLE_APP_SANDBOX = YES;
				ENABLE_HARDENED_RUNTIME = YES;
				ENABLE_INCOMING_NETWORK_CONNECTIONS = NO;
				ENABLE_OUTGOING_NETWORK_CONNECTIONS = YES;
				ENABLE_PREVIEWS = YES;
				ENABLE_RESOURCE_ACCESS_AUDIO_INPUT = NO;
				ENABLE_RESOURCE_ACCESS_BLUETOOTH = NO;
				ENABLE_RESOURCE_ACCESS_CALENDARS = NO;
				ENABLE_RESOURCE_ACCESS_CAMERA = NO;
				ENABLE_RESOURCE_ACCESS_CONTACTS = NO;
				ENABLE_RESOURCE_ACCESS_LOCATION = NO;
				ENABLE_RESOURCE_ACCESS_PRINTING = YES;
				ENABLE_RESOURCE_ACCESS_USB = NO;
				ENABLE_USER_SELECTED_FILES = readwrite;
				GENERATE_INFOPLIST_FILE = YES;
				INFOPLIST_FILE = MarkLens/Info.plist;
				INFOPLIST_KEY_CFBundleDisplayName = MarkLens;
				"INFOPLIST_KEY_UIApplicationSceneManifest_Generation[sdk=iphoneos*]" = YES;
				"INFOPLIST_KEY_UIApplicationSceneManifest_Generation[sdk=iphonesimulator*]" = YES;
				"INFOPLIST_KEY_UIApplicationSupportsIndirectInputEvents[sdk=iphoneos*]" = YES;
				"INFOPLIST_KEY_UIApplicationSupportsIndirectInputEvents[sdk=iphonesimulator*]" = YES;
				"INFOPLIST_KEY_UILaunchScreen_Generation[sdk=iphoneos*]" = YES;
				"INFOPLIST_KEY_UILaunchScreen_Generation[sdk=iphonesimulator*]" = YES;
				"INFOPLIST_KEY_UIStatusBarStyle[sdk=iphoneos*]" = UIStatusBarStyleDefault;
				"INFOPLIST_KEY_UIStatusBarStyle[sdk=iphonesimulator*]" = UIStatusBarStyleDefault;
				INFOPLIST_KEY_UISupportedInterfaceOrientations_iPad = "UIInterfaceOrientationPortrait UIInterfaceOrientationPortraitUpsideDown UIInterfaceOrientationLandscapeLeft UIInterfaceOrientationLandscapeRight";
				INFOPLIST_KEY_UISupportedInterfaceOrientations_iPhone = "UIInterfaceOrientationPortrait UIInterfaceOrientationLandscapeLeft UIInterfaceOrientationLandscapeRight";
				"INFOPLIST_KEY_UISupportsDocumentBrowser[sdk=iphoneos*]" = YES;
				"INFOPLIST_KEY_UISupportsDocumentBrowser[sdk=iphonesimulator*]" = YES;
				LD_RUNPATH_SEARCH_PATHS = "@executable_path/Frameworks";
				"LD_RUNPATH_SEARCH_PATHS[sdk=macosx*]" = "@executable_path/../Frameworks";
				PRODUCT_BUNDLE_IDENTIFIER = ch.doapp.MarkLens;
				PRODUCT_NAME = "$(TARGET_NAME)";
				REGISTER_APP_GROUPS = YES;
				SDKROOT = auto;
				STRING_CATALOG_GENERATE_SYMBOLS = YES;
				SUPPORTED_PLATFORMS = "iphoneos iphonesimulator macosx xros xrsimulator";
				SWIFT_APPROACHABLE_CONCURRENCY = YES;
				SWIFT_DEFAULT_ACTOR_ISOLATION = MainActor;
				SWIFT_EMIT_LOC_STRINGS = YES;
				SWIFT_UPCOMING_FEATURE_MEMBER_IMPORT_VISIBILITY = YES;
				SWIFT_VERSION = 5.0;
			};
			name = Debug;
		};
		17FBBD8C2F0831ED00BEAA3E /* Release */ = {
			isa = XCBuildConfiguration;
			buildSettings = {
				ASSETCATALOG_COMPILER_APPICON_NAME = AppIcon;
				ASSETCATALOG_COMPILER_GLOBAL_ACCENT_COLOR_NAME = AccentColor;
				CODE_SIGN_ENTITLEMENTS = MarkLens/MarkLens.entitlements;
				DEAD_CODE_STRIPPING = YES;
				ENABLE_APP_SANDBOX = YES;
				ENABLE_HARDENED_RUNTIME = YES;
				ENABLE_INCOMING_NETWORK_CONNECTIONS = NO;
				ENABLE_OUTGOING_NETWORK_CONNECTIONS = YES;
				ENABLE_PREVIEWS = YES;
				ENABLE_RESOURCE_ACCESS_AUDIO_INPUT = NO;
				ENABLE_RESOURCE_ACCESS_BLUETOOTH = NO;
				ENABLE_RESOURCE_ACCESS_CALENDARS = NO;
				ENABLE_RESOURCE_ACCESS_CAMERA = NO;
				ENABLE_RESOURCE_ACCESS_CONTACTS = NO;
				ENABLE_RESOURCE_ACCESS_LOCATION = NO;
				ENABLE_RESOURCE_ACCESS_PRINTING = YES;
				ENABLE_RESOURCE_ACCESS_USB = NO;
				ENABLE_USER_SELECTED_FILES = readwrite;
				GENERATE_INFOPLIST_FILE = YES;
				INFOPLIST_FILE = MarkLens/Info.plist;
				INFOPLIST_KEY_CFBundleDisplayName = MarkLens;
				"INFOPLIST_KEY_UIApplicationSceneManifest_Generation[sdk=iphoneos*]" = YES;
				"INFOPLIST_KEY_UIApplicationSceneManifest_Generation[sdk=iphonesimulator*]" = YES;
				"INFOPLIST_KEY_UIApplicationSupportsIndirectInputEvents[sdk=iphoneos*]" = YES;
				"INFOPLIST_KEY_UIApplicationSupportsIndirectInputEvents[sdk=iphonesimulator*]" = YES;
				"INFOPLIST_KEY_UILaunchScreen_Generation[sdk=iphoneos*]" = YES;
				"INFOPLIST_KEY_UILaunchScreen_Generation[sdk=iphonesimulator*]" = YES;
				"INFOPLIST_KEY_UIStatusBarStyle[sdk=iphoneos*]" = UIStatusBarStyleDefault;
				"INFOPLIST_KEY_UIStatusBarStyle[sdk=iphonesimulator*]" = UIStatusBarStyleDefault;
				INFOPLIST_KEY_UISupportedInterfaceOrientations_iPad = "UIInterfaceOrientationPortrait UIInterfaceOrientationPortraitUpsideDown UIInterfaceOrientationLandscapeLeft UIInterfaceOrientationLandscapeRight";
				INFOPLIST_KEY_UISupportedInterfaceOrientations_iPhone = "UIInterfaceOrientationPortrait UIInterfaceOrientationLandscapeLeft UIInterfaceOrientationLandscapeRight";
				"INFOPLIST_KEY_UISupportsDocumentBrowser[sdk=iphoneos*]" = YES;
				"INFOPLIST_KEY_UISupportsDocumentBrowser[sdk=iphonesimulator*]" = YES;
				LD_RUNPATH_SEARCH_PATHS = "@executable_path/Frameworks";
				"LD_RUNPATH_SEARCH_PATHS[sdk=macosx*]" = "@executable_path/../Frameworks";
				PRODUCT_BUNDLE_IDENTIFIER = ch.doapp.MarkLens;
				PRODUCT_NAME = "$(TARGET_NAME)";
				REGISTER_APP_GROUPS = YES;
				SDKROOT = auto;
				STRING_CATALOG_GENERATE_SYMBOLS = YES;
				SUPPORTED_PLATFORMS = "iphoneos iphonesimulator macosx xros xrsimulator";
				SWIFT_APPROACHABLE_CONCURRENCY = YES;
				SWIFT_DEFAULT_ACTOR_ISOLATION = MainActor;
				SWIFT_EMIT_LOC_STRINGS = YES;
				SWIFT_UPCOMING_FEATURE_MEMBER_IMPORT_VISIBILITY = YES;
				SWIFT_VERSION = 5.0;
			};
			name = Release;
		};
		17FBBD8D2F0831ED00BEAA3E /* Debug */ = {
			isa = XCBuildConfiguration;
			buildSettings = {
				ALWAYS_SEARCH_USER_PATHS = NO;
				ASSETCATALOG_COMPILER_GENERATE_SWIFT_ASSET_SYMBOL_EXTENSIONS = YES;
				CLANG_ANALYZER_NONNULL = YES;
				CLANG_ANALYZER_NUMBER_OBJECT_CONVERSION = YES_AGGRESSIVE;
				CLANG_CXX_LANGUAGE_STANDARD = "gnu++20";
				CLANG_ENABLE_MODULES = YES;
				CLANG_ENABLE_OBJC_ARC = YES;
				CLANG_ENABLE_OBJC_WEAK = YES;
				CLANG_WARN_BLOCK_CAPTURE_AUTORELEASING = YES;
				CLANG_WARN_BOOL_CONVERSION = YES;
				CLANG_WARN_COMMA = YES;
				CLANG_WARN_CONSTANT_CONVERSION = YES;
				CLANG_WARN_DEPRECATED_OBJC_IMPLEMENTATIONS = YES;
				CLANG_WARN_DIRECT_OBJC_ISA_USAGE = YES_ERROR;
				CLANG_WARN_DOCUMENTATION_COMMENTS = YES;
				CLANG_WARN_EMPTY_BODY = YES;
				CLANG_WARN_ENUM_CONVERSION = YES;
				CLANG_WARN_INFINITE_RECURSION = YES;
				CLANG_WARN_INT_CONVERSION = YES;
				CLANG_WARN_NON_LITERAL_NULL_CONVERSION = YES;
				CLANG_WARN_OBJC_IMPLICIT_RETAIN_SELF = YES;
				CLANG_WARN_OBJC_LITERAL_CONVERSION = YES;
				CLANG_WARN_OBJC_ROOT_CLASS = YES_ERROR;
				CLANG_WARN_QUOTED_INCLUDE_IN_FRAMEWORK_HEADER = YES;
				CLANG_WARN_RANGE_LOOP_ANALYSIS = YES;
				CLANG_WARN_STRICT_PROTOTYPES = YES;
				CLANG_WARN_SUSPICIOUS_MOVE = YES;
				CLANG_WARN_UNGUARDED_AVAILABILITY = YES_AGGRESSIVE;
				CLANG_WARN_UNREACHABLE_CODE = YES;
				CLANG_WARN__DUPLICATE_METHOD_MATCH = YES;
				CODE_SIGN_STYLE = Automatic;
				COPY_PHASE_STRIP = NO;
				CURRENT_PROJECT_VERSION = 6;
				DEAD_CODE_STRIPPING = YES;
				DEBUG_INFORMATION_FORMAT = dwarf;
				DEVELOPMENT_TEAM = P8CC95REUG;
				ENABLE_STRICT_OBJC_MSGSEND = YES;
				ENABLE_TESTABILITY = YES;
				ENABLE_USER_SCRIPT_SANDBOXING = YES;
				GCC_C_LANGUAGE_STANDARD = gnu17;
				GCC_DYNAMIC_NO_PIC = NO;
				GCC_NO_COMMON_BLOCKS = YES;
				GCC_OPTIMIZATION_LEVEL = 0;
				GCC_PREPROCESSOR_DEFINITIONS = (
					"DEBUG=1",
					"$(inherited)",
				);
				GCC_WARN_64_TO_32_BIT_CONVERSION = YES;
				GCC_WARN_ABOUT_RETURN_TYPE = YES_ERROR;
				GCC_WARN_UNDECLARED_SELECTOR = YES;
				GCC_WARN_UNINITIALIZED_AUTOS = YES_AGGRESSIVE;
				GCC_WARN_UNUSED_FUNCTION = YES;
				GCC_WARN_UNUSED_VARIABLE = YES;
				INFOPLIST_KEY_LSApplicationCategoryType = "public.app-category.productivity";
				INFOPLIST_KEY_NSHumanReadableCopyright = "Copyright (c) 2026 The MarkLens Authors";
				IPHONEOS_DEPLOYMENT_TARGET = 17.6;
				LOCALIZATION_PREFERS_STRING_CATALOGS = YES;
				MACOSX_DEPLOYMENT_TARGET = 15.6;
				MARKETING_VERSION = 1.5.0;
				MTL_ENABLE_DEBUG_INFO = INCLUDE_SOURCE;
				MTL_FAST_MATH = YES;
				ONLY_ACTIVE_ARCH = YES;
				STRING_CATALOG_GENERATE_SYMBOLS = YES;
				SWIFT_ACTIVE_COMPILATION_CONDITIONS = "DEBUG $(inherited)";
				SWIFT_OPTIMIZATION_LEVEL = "-Onone";
				TARGETED_DEVICE_FAMILY = "1,2,7";
				XROS_DEPLOYMENT_TARGET = 2.6;
			};
			name = Debug;
		};
		17FBBD8E2F0831ED00BEAA3E /* Release */ = {
			isa = XCBuildConfiguration;
			buildSettings = {
				ALWAYS_SEARCH_USER_PATHS = NO;
				ASSETCATALOG_COMPILER_GENERATE_SWIFT_ASSET_SYMBOL_EXTENSIONS = YES;
				CLANG_ANALYZER_NONNULL = YES;
				CLANG_ANALYZER_NUMBER_OBJECT_CONVERSION = YES_AGGRESSIVE;
				CLANG_CXX_LANGUAGE_STANDARD = "gnu++20";
				CLANG_ENABLE_MODULES = YES;
				CLANG_ENABLE_OBJC_ARC = YES;
				CLANG_ENABLE_OBJC_WEAK = YES;
				CLANG_WARN_BLOCK_CAPTURE_AUTORELEASING = YES;
				CLANG_WARN_BOOL_CONVERSION = YES;
				CLANG_WARN_COMMA = YES;
				CLANG_WARN_CONSTANT_CONVERSION = YES;
				CLANG_WARN_DEPRECATED_OBJC_IMPLEMENTATIONS = YES;
				CLANG_WARN_DIRECT_OBJC_ISA_USAGE = YES_ERROR;
				CLANG_WARN_DOCUMENTATION_COMMENTS = YES;
				CLANG_WARN_EMPTY_BODY = YES;
				CLANG_WARN_ENUM_CONVERSION = YES;
				CLANG_WARN_INFINITE_RECURSION = YES;
				CLANG_WARN_INT_CONVERSION = YES;
				CLANG_WARN_NON_LITERAL_NULL_CONVERSION = YES;
				CLANG_WARN_OBJC_IMPLICIT_RETAIN_SELF = YES;
				CLANG_WARN_OBJC_LITERAL_CONVERSION = YES;
				CLANG_WARN_OBJC_ROOT_CLASS = YES_ERROR;
				CLANG_WARN_QUOTED_INCLUDE_IN_FRAMEWORK_HEADER = YES;
				CLANG_WARN_RANGE_LOOP_ANALYSIS = YES;
				CLANG_WARN_STRICT_PROTOTYPES = YES;
				CLANG_WARN_SUSPICIOUS_MOVE = YES;
				CLANG_WARN_UNGUARDED_AVAILABILITY = YES_AGGRESSIVE;
				CLANG_WARN_UNREACHABLE_CODE = YES;
				CLANG_WARN__DUPLICATE_METHOD_MATCH = YES;
				CODE_SIGN_STYLE = Automatic;
				COPY_PHASE_STRIP = NO;
				CURRENT_PROJECT_VERSION = 6;
				DEAD_CODE_STRIPPING = YES;
				DEBUG_INFORMATION_FORMAT = "dwarf-with-dsym";
				DEVELOPMENT_TEAM = P8CC95REUG;
				ENABLE_NS_ASSERTIONS = NO;
				ENABLE_STRICT_OBJC_MSGSEND = YES;
				ENABLE_USER_SCRIPT_SANDBOXING = YES;
				GCC_C_LANGUAGE_STANDARD = gnu17;
				GCC_NO_COMMON_BLOCKS = YES;
				GCC_WARN_64_TO_32_BIT_CONVERSION = YES;
				GCC_WARN_ABOUT_RETURN_TYPE = YES_ERROR;
				GCC_WARN_UNDECLARED_SELECTOR = YES;
				GCC_WARN_UNINITIALIZED_AUTOS = YES_AGGRESSIVE;
				GCC_WARN_UNUSED_FUNCTION = YES;
				GCC_WARN_UNUSED_VARIABLE = YES;
				INFOPLIST_KEY_LSApplicationCategoryType = "public.app-category.productivity";
				INFOPLIST_KEY_NSHumanReadableCopyright = "Copyright (c) 2026 The MarkLens Authors";
				IPHONEOS_DEPLOYMENT_TARGET = 17.6;
				LOCALIZATION_PREFERS_STRING_CATALOGS = YES;
				MACOSX_DEPLOYMENT_TARGET = 15.6;
				MARKETING_VERSION = 1.5.0;
				MTL_ENABLE_DEBUG_INFO = NO;
				MTL_FAST_MATH = YES;
				STRING_CATALOG_GENERATE_SYMBOLS = YES;
				SWIFT_COMPILATION_MODE = wholemodule;
				TARGETED_DEVICE_FAMILY = "1,2,7";
				XROS_DEPLOYMENT_TARGET = 2.6;
			};
			name = Release;
		};
		A10000012FC0000000000009 /* Debug */ = {
			isa = XCBuildConfiguration;
			buildSettings = {
				BUNDLE_LOADER = "$(TEST_HOST)";
				DEAD_CODE_STRIPPING = YES;
				GENERATE_INFOPLIST_FILE = YES;
				PRODUCT_BUNDLE_IDENTIFIER = ch.doapp.MarkLensTests;
				PRODUCT_NAME = "$(TARGET_NAME)";
				SDKROOT = auto;
				STRING_CATALOG_GENERATE_SYMBOLS = NO;
				SUPPORTED_PLATFORMS = "iphoneos iphonesimulator macosx xros xrsimulator";
				SWIFT_APPROACHABLE_CONCURRENCY = YES;
				SWIFT_EMIT_LOC_STRINGS = NO;
				SWIFT_UPCOMING_FEATURE_MEMBER_IMPORT_VISIBILITY = YES;
				SWIFT_VERSION = 5.0;
				TARGETED_DEVICE_FAMILY = "1,2,7";
				TEST_HOST = "$(BUILT_PRODUCTS_DIR)/MarkLens.app/$(BUNDLE_EXECUTABLE_FOLDER_PATH)/MarkLens";
				TEST_TARGET_NAME = MarkLens;
			};
			name = Debug;
		};
		A10000012FC000000000000A /* Release */ = {
			isa = XCBuildConfiguration;
			buildSettings = {
				BUNDLE_LOADER = "$(TEST_HOST)";
				DEAD_CODE_STRIPPING = YES;
				GENERATE_INFOPLIST_FILE = YES;
				PRODUCT_BUNDLE_IDENTIFIER = ch.doapp.MarkLensTests;
				PRODUCT_NAME = "$(TARGET_NAME)";
				SDKROOT = auto;
				STRING_CATALOG_GENERATE_SYMBOLS = NO;
				SUPPORTED_PLATFORMS = "iphoneos iphonesimulator macosx xros xrsimulator";
				SWIFT_APPROACHABLE_CONCURRENCY = YES;
				SWIFT_EMIT_LOC_STRINGS = NO;
				SWIFT_UPCOMING_FEATURE_MEMBER_IMPORT_VISIBILITY = YES;
				SWIFT_VERSION = 5.0;
				TARGETED_DEVICE_FAMILY = "1,2,7";
				TEST_HOST = "$(BUILT_PRODUCTS_DIR)/MarkLens.app/$(BUNDLE_EXECUTABLE_FOLDER_PATH)/MarkLens";
				TEST_TARGET_NAME = MarkLens;
			};
			name = Release;
		};
/* End XCBuildConfiguration section */

/* Begin XCConfigurationList section */
		178AADEB2FB9D6A10086D069 /* Build configuration list for PBXNativeTarget "MarkLensUITests" */ = {
			isa = XCConfigurationList;
			buildConfigurations = (
				178AADEC2FB9D6A10086D069 /* Debug */,
				178AADED2FB9D6A10086D069 /* Release */,
			);
			defaultConfigurationIsVisible = 0;
			defaultConfigurationName = Release;
		};
		17CD185E2F08337200899189 /* Build configuration list for PBXNativeTarget "QuickLookPreview_macOS" */ = {
			isa = XCConfigurationList;
			buildConfigurations = (
				17CD185C2F08337200899189 /* Debug */,
				17CD185D2F08337200899189 /* Release */,
			);
			defaultConfigurationIsVisible = 0;
			defaultConfigurationName = Release;
		};
		17FBBD782F0831EC00BEAA3E /* Build configuration list for PBXProject "MarkLens" */ = {
			isa = XCConfigurationList;
			buildConfigurations = (
				17FBBD8D2F0831ED00BEAA3E /* Debug */,
				17FBBD8E2F0831ED00BEAA3E /* Release */,
			);
			defaultConfigurationIsVisible = 0;
			defaultConfigurationName = Release;
		};
		17FBBD8A2F0831ED00BEAA3E /* Build configuration list for PBXNativeTarget "MarkLens" */ = {
			isa = XCConfigurationList;
			buildConfigurations = (
				17FBBD8B2F0831ED00BEAA3E /* Debug */,
				17FBBD8C2F0831ED00BEAA3E /* Release */,
			);
			defaultConfigurationIsVisible = 0;
			defaultConfigurationName = Release;
		};
		A10000012FC000000000000B /* Build configuration list for PBXNativeTarget "MarkLensTests" */ = {
			isa = XCConfigurationList;
			buildConfigurations = (
				A10000012FC0000000000009 /* Debug */,
				A10000012FC000000000000A /* Release */,
			);
			defaultConfigurationIsVisible = 0;
			defaultConfigurationName = Release;
		};
/* End XCConfigurationList section */

/* Begin XCLocalSwiftPackageReference section */
		17A70A842F0AB78300D93FE9 /* XCLocalSwiftPackageReference "MarkdownPipeline" */ = {
			isa = XCLocalSwiftPackageReference;
			relativePath = MarkdownPipeline;
		};
/* End XCLocalSwiftPackageReference section */

/* Begin XCRemoteSwiftPackageReference section */
		17CD18862F0862FD00899189 /* XCRemoteSwiftPackageReference "swift-markdown" */ = {
			isa = XCRemoteSwiftPackageReference;
			repositoryURL = "https://github.com/swiftlang/swift-markdown";
			requirement = {
				kind = upToNextMajorVersion;
				minimumVersion = 0.7.3;
			};
		};
/* End XCRemoteSwiftPackageReference section */

/* Begin XCSwiftPackageProductDependency section */
		17A70A852F0AB78300D93FE9 /* MarkdownPipeline */ = {
			isa = XCSwiftPackageProductDependency;
			package = 17A70A842F0AB78300D93FE9 /* XCLocalSwiftPackageReference "MarkdownPipeline" */;
			productName = MarkdownPipeline;
		};
		17A70A862F0AB78300D93FE9 /* MarkdownPipeline */ = {
			isa = XCSwiftPackageProductDependency;
			package = 17A70A842F0AB78300D93FE9 /* XCLocalSwiftPackageReference "MarkdownPipeline" */;
			productName = MarkdownPipeline;
		};
		17CD18872F0862FD00899189 /* Markdown */ = {
			isa = XCSwiftPackageProductDependency;
			package = 17CD18862F0862FD00899189 /* XCRemoteSwiftPackageReference "swift-markdown" */;
			productName = Markdown;
		};
		17CD18892F08632100899189 /* Markdown */ = {
			isa = XCSwiftPackageProductDependency;
			package = 17CD18862F0862FD00899189 /* XCRemoteSwiftPackageReference "swift-markdown" */;
			productName = Markdown;
		};
/* End XCSwiftPackageProductDependency section */
	};
	rootObject = 17FBBD752F0831EC00BEAA3E /* Project object */;
}
